
Microsoft Visual Studio Solution File, Format Version 12.00
# Visual Studio Version 16
VisualStudioVersion = 16.0.30517.126
MinimumVisualStudioVersion = 10.0.40219.1
Project("{FAE04EC0-301F-11D3-BF4B-00C04F79EFBC}") = "Week13-Test", "Week13-Test\Week13-Test.csproj", "{113D8D76-56EF-443B-B22D-E2258CC75ED6}"
EndProject
Project("{FAE04EC0-301F-11D3-BF4B-00C04F79EFBC}") = "Ylesanne2", "Ylesanne2\Ylesanne2.csproj", "{291562CB-260B-4E57-B66D-4D5FD63D4907}"
EndProject
Project("{FAE04EC0-301F-11D3-BF4B-00C04F79EFBC}") = "Ylesanne3", "Ylesanne3\Ylesanne3.csproj", "{E9CF458C-E05D-440C-A24B-61106B7027E1}"
EndProject
Project("{FAE04EC0-301F-11D3-BF4B-00C04F79EFBC}") = "Ylesanne4", "Ylesanne4\Ylesanne4.csproj", "{AD113745-4E82-4F58-A234-DE1188BA5B24}"
EndProject
Project("{FAE04EC0-301F-11D3-BF4B-00C04F79EFBC}") = "Ylesanne5", "Ylesanne5\Ylesanne5.csproj", "{DF36AA8F-FEFF-44F6-A661-521CC955F458}"
EndProject
Global
	GlobalSection(SolutionConfigurationPlatforms) = preSolution
		Debug|Any CPU = Debug|Any CPU
		Release|Any CPU = Release|Any CPU
	EndGlobalSection
	GlobalSection(ProjectConfigurationPlatforms) = postSolution
		{113D8D76-56EF-443B-B22D-E2258CC75ED6}.Debug|Any CPU.ActiveCfg = Debug|Any CPU
		{113D8D76-56EF-443B-B22D-E2258CC75ED6}.Debug|Any CPU.Build.0 = Debug|Any CPU
		{113D8D76-56EF-443B-B22D-E2258CC75ED6}.Release|Any CPU.ActiveCfg = Release|Any CPU
		{113D8D76-56EF-443B-B22D-E2258CC75ED6}.Release|Any CPU.Build.0 = Release|Any CPU
		{291562CB-260B-4E57-B66D-4D5FD63D4907}.Debug|Any CPU.ActiveCfg = Debug|Any CPU
		{291562CB-260B-4E57-B66D-4D5FD63D4907}.Debug|Any CPU.Build.0 = Debug|Any CPU
		{291562CB-260B-4E57-B66D-4D5FD63D4907}.Release|Any CPU.ActiveCfg = Release|Any CPU
		{291562CB-260B-4E57-B66D-4D5FD63D4907}.Release|Any CPU.Build.0 = Release|Any CPU
		{E9CF458C-E05D-440C-A24B-61106B7027E1}.Debug|Any CPU.ActiveCfg = Debug|Any CPU
		{E9CF458C-E05D-440C-A24B-61106B7027E1}.Debug|Any CPU.Build.0 = Debug|Any CPU
		{E9CF458C-E05D-440C-A24B-61106B7027E1}.Release|Any CPU.ActiveCfg = Release|Any CPU
		{E9CF458C-E05D-440C-A24B-61106B7027E1}.Release|Any CPU.Build.0 = Release|Any CPU
		{AD113745-4E82-4F58-A234-DE1188BA5B24}.Debug|Any CPU.ActiveCfg = Debug|Any CPU
		{AD113745-4E82-4F58-A234-DE1188BA5B24}.Debug|Any CPU.Build.0 = Debug|Any CPU
		{AD113745-4E82-4F58-A234-DE1188BA5B24}.Release|Any CPU.ActiveCfg = Release|Any CPU
		{AD113745-4E82-4F58-A234-DE1188BA5B24}.Release|Any CPU.Build.0 = Release|Any CPU
		{DF36AA8F-FEFF-44F6-A661-521CC955F458}.Debug|Any CPU.ActiveCfg = Debug|Any CPU
		{DF36AA8F-FEFF-44F6-A661-521CC955F458}.Debug|Any CPU.Build.0 = Debug|Any CPU
		{DF36AA8F-FEFF-44F6-A661-521CC955F458}.Release|Any CPU.ActiveCfg = Release|Any CPU
		{DF36AA8F-FEFF-44F6-A661-521CC955F458}.Release|Any CPU.Build.0 = Release|Any CPU
	EndGlobalSection
	GlobalSection(SolutionProperties) = preSolution
		HideSolutionNode = FALSE
	EndGlobalSection
	GlobalSection(ExtensibilityGlobals) = postSolution
		SolutionGuid = {598549D8-4CC0-4D58-8CFA-F2DABF5062CF}
	EndGlobalSection
EndGlobal
